
Microsoft Visual Studio Solution File, Format Version 12.00
# Visual Studio Version 17
VisualStudioVersion = 17.2.32505.173
MinimumVisualStudioVersion = 10.0.40219.1
Project("{2150E333-8FDC-42A3-9474-1A3956D46DE8}") = "Elementi di soluzione", "Elementi di soluzione", "{18000C95-5BAA-4E70-857D-A11928265E2A}"
	ProjectSection(SolutionItems) = preProject
		.editorconfig = .editorconfig
	EndProjectSection
EndProject
Project("{9A19103F-16F7-4668-BE54-9A1E7A4F7556}") = "MudBlazor.CustomLibrary", "src\MudBlazor.CustomLibrary\MudBlazor.CustomLibrary.csproj", "{E3B565D1-D28F-434F-8A3B-C44F25954B89}"
EndProject
Global
	GlobalSection(SolutionConfigurationPlatforms) = preSolution
		Debug|Any CPU = Debug|Any CPU
		Release|Any CPU = Release|Any CPU
	EndGlobalSection
	GlobalSection(ProjectConfigurationPlatforms) = postSolution
		{E3B565D1-D28F-434F-8A3B-C44F25954B89}.Debug|Any CPU.ActiveCfg = Debug|Any CPU
		{E3B565D1-D28F-434F-8A3B-C44F25954B89}.Debug|Any CPU.Build.0 = Debug|Any CPU
		{E3B565D1-D28F-434F-8A3B-C44F25954B89}.Release|Any CPU.ActiveCfg = Release|Any CPU
		{E3B565D1-D28F-434F-8A3B-C44F25954B89}.Release|Any CPU.Build.0 = Release|Any CPU
	EndGlobalSection
	GlobalSection(SolutionProperties) = preSolution
		HideSolutionNode = FALSE
	EndGlobalSection
	GlobalSection(ExtensibilityGlobals) = postSolution
		SolutionGuid = {D502743A-7D65-4C2D-B754-1E50BFCA86DA}
	EndGlobalSection
EndGlobal
