
Microsoft Visual Studio Solution File, Format Version 12.00
# Visual Studio Version 17
VisualStudioVersion = 17.2.32505.173
MinimumVisualStudioVersion = 10.0.40219.1
Project("{9A19103F-16F7-4668-BE54-9A1E7A4F7556}") = "MudBlazor.CustomLibrary", "MudBlazor.CustomLibrary\MudBlazor.CustomLibrary.csproj", "{8500042A-E9FD-427E-A06F-67BFD89B3EBD}"
EndProject
Project("{2150E333-8FDC-42A3-9474-1A3956D46DE8}") = "Elementi di soluzione", "Elementi di soluzione", "{06F66061-5F79-4CD8-8C9E-7E369F89C534}"
	ProjectSection(SolutionItems) = preProject
		.editorconfig = .editorconfig
	EndProjectSection
EndProject
Global
	GlobalSection(SolutionConfigurationPlatforms) = preSolution
		Debug|Any CPU = Debug|Any CPU
		Release|Any CPU = Release|Any CPU
	EndGlobalSection
	GlobalSection(ProjectConfigurationPlatforms) = postSolution
		{8500042A-E9FD-427E-A06F-67BFD89B3EBD}.Debug|Any CPU.ActiveCfg = Debug|Any CPU
		{8500042A-E9FD-427E-A06F-67BFD89B3EBD}.Debug|Any CPU.Build.0 = Debug|Any CPU
		{8500042A-E9FD-427E-A06F-67BFD89B3EBD}.Release|Any CPU.ActiveCfg = Release|Any CPU
		{8500042A-E9FD-427E-A06F-67BFD89B3EBD}.Release|Any CPU.Build.0 = Release|Any CPU
	EndGlobalSection
	GlobalSection(SolutionProperties) = preSolution
		HideSolutionNode = FALSE
	EndGlobalSection
	GlobalSection(ExtensibilityGlobals) = postSolution
		SolutionGuid = {37481B16-03C6-4AC4-8C7F-22CDD59FF0A5}
	EndGlobalSection
EndGlobal
